
Microsoft Visual Studio Solution File, Format Version 12.00
# Visual Studio Version 17
VisualStudioVersion = 17.7.34031.279
MinimumVisualStudioVersion = 10.0.40219.1
Project("{9A19103F-16F7-4668-BE54-9A1E7A4F7556}") = "DtoGenerator", "Faker\DtoGenerator.csproj", "{09A563D5-F4AE-4165-8CF8-BA8557A906F5}"
EndProject
Project("{9A19103F-16F7-4668-BE54-9A1E7A4F7556}") = "FakerGenerator", "FakerGenerator\FakerGenerator.csproj", "{BEA21A3F-7175-4A4F-B56B-83D51CFF975C}"
EndProject
Project("{9A19103F-16F7-4668-BE54-9A1E7A4F7556}") = "Tests", "Tests\Tests.csproj", "{6FC37535-6967-499E-BADC-3D0749E74713}"
EndProject
Global
	GlobalSection(SolutionConfigurationPlatforms) = preSolution
		Debug|Any CPU = Debug|Any CPU
		Release|Any CPU = Release|Any CPU
	EndGlobalSection
	GlobalSection(ProjectConfigurationPlatforms) = postSolution
		{09A563D5-F4AE-4165-8CF8-BA8557A906F5}.Debug|Any CPU.ActiveCfg = Debug|Any CPU
		{09A563D5-F4AE-4165-8CF8-BA8557A906F5}.Debug|Any CPU.Build.0 = Debug|Any CPU
		{09A563D5-F4AE-4165-8CF8-BA8557A906F5}.Release|Any CPU.ActiveCfg = Release|Any CPU
		{09A563D5-F4AE-4165-8CF8-BA8557A906F5}.Release|Any CPU.Build.0 = Release|Any CPU
		{BEA21A3F-7175-4A4F-B56B-83D51CFF975C}.Debug|Any CPU.ActiveCfg = Debug|Any CPU
		{BEA21A3F-7175-4A4F-B56B-83D51CFF975C}.Debug|Any CPU.Build.0 = Debug|Any CPU
		{BEA21A3F-7175-4A4F-B56B-83D51CFF975C}.Release|Any CPU.ActiveCfg = Release|Any CPU
		{BEA21A3F-7175-4A4F-B56B-83D51CFF975C}.Release|Any CPU.Build.0 = Release|Any CPU
		{6FC37535-6967-499E-BADC-3D0749E74713}.Debug|Any CPU.ActiveCfg = Debug|Any CPU
		{6FC37535-6967-499E-BADC-3D0749E74713}.Debug|Any CPU.Build.0 = Debug|Any CPU
		{6FC37535-6967-499E-BADC-3D0749E74713}.Release|Any CPU.ActiveCfg = Release|Any CPU
		{6FC37535-6967-499E-BADC-3D0749E74713}.Release|Any CPU.Build.0 = Release|Any CPU
	EndGlobalSection
	GlobalSection(SolutionProperties) = preSolution
		HideSolutionNode = FALSE
	EndGlobalSection
	GlobalSection(ExtensibilityGlobals) = postSolution
		SolutionGuid = {0DD2EEEB-F8E0-4025-862D-512C63E3CABF}
	EndGlobalSection
EndGlobal
